
Microsoft Visual Studio Solution File, Format Version 12.00
# Visual Studio Version 16
VisualStudioVersion = 16.0.31112.23
MinimumVisualStudioVersion = 10.0.40219.1
Project("{9A19103F-16F7-4668-BE54-9A1E7A4F7556}") = "ReferenceResource", "ReferenceResource\ReferenceResource.csproj", "{7F032728-96D2-46BC-B827-81197C1B2017}"
EndProject
Global
	GlobalSection(SolutionConfigurationPlatforms) = preSolution
		Debug|Any CPU = Debug|Any CPU
		Release|Any CPU = Release|Any CPU
	EndGlobalSection
	GlobalSection(ProjectConfigurationPlatforms) = postSolution
		{7F032728-96D2-46BC-B827-81197C1B2017}.Debug|Any CPU.ActiveCfg = Debug|Any CPU
		{7F032728-96D2-46BC-B827-81197C1B2017}.Debug|Any CPU.Build.0 = Debug|Any CPU
		{7F032728-96D2-46BC-B827-81197C1B2017}.Release|Any CPU.ActiveCfg = Release|Any CPU
		{7F032728-96D2-46BC-B827-81197C1B2017}.Release|Any CPU.Build.0 = Release|Any CPU
	EndGlobalSection
	GlobalSection(SolutionProperties) = preSolution
		HideSolutionNode = FALSE
	EndGlobalSection
	GlobalSection(ExtensibilityGlobals) = postSolution
		SolutionGuid = {F8975250-9BCC-4950-91D1-A8B42E21B0B0}
	EndGlobalSection
EndGlobal
